
Microsoft Visual Studio Solution File, Format Version 12.00
# Visual Studio Version 17
VisualStudioVersion = 17.13.35825.156
MinimumVisualStudioVersion = 10.0.40219.1
Project("{FAE04EC0-301F-11D3-BF4B-00C04F79EFBC}") = "ModbusSharp", "ModbusSharp\ModbusSharp.csproj", "{886A35D3-CE9D-480E-BD9F-71EB0195508D}"
EndProject
Project("{FAE04EC0-301F-11D3-BF4B-00C04F79EFBC}") = "ModbusTest", "ModbusTest\ModbusTest.csproj", "{230C4BAC-26ED-2DFB-5938-D48359AA5A64}"
EndProject
Global
	GlobalSection(SolutionConfigurationPlatforms) = preSolution
		Debug|Any CPU = Debug|Any CPU
		Release|Any CPU = Release|Any CPU
	EndGlobalSection
	GlobalSection(ProjectConfigurationPlatforms) = postSolution
		{886A35D3-CE9D-480E-BD9F-71EB0195508D}.Debug|Any CPU.ActiveCfg = Debug|Any CPU
		{886A35D3-CE9D-480E-BD9F-71EB0195508D}.Debug|Any CPU.Build.0 = Debug|Any CPU
		{886A35D3-CE9D-480E-BD9F-71EB0195508D}.Release|Any CPU.ActiveCfg = Release|Any CPU
		{886A35D3-CE9D-480E-BD9F-71EB0195508D}.Release|Any CPU.Build.0 = Release|Any CPU
		{230C4BAC-26ED-2DFB-5938-D48359AA5A64}.Debug|Any CPU.ActiveCfg = Debug|Any CPU
		{230C4BAC-26ED-2DFB-5938-D48359AA5A64}.Debug|Any CPU.Build.0 = Debug|Any CPU
		{230C4BAC-26ED-2DFB-5938-D48359AA5A64}.Release|Any CPU.ActiveCfg = Release|Any CPU
		{230C4BAC-26ED-2DFB-5938-D48359AA5A64}.Release|Any CPU.Build.0 = Release|Any CPU
	EndGlobalSection
	GlobalSection(SolutionProperties) = preSolution
		HideSolutionNode = FALSE
	EndGlobalSection
	GlobalSection(ExtensibilityGlobals) = postSolution
		SolutionGuid = {46C75A86-C3F1-44FF-A970-E8E88601CFB7}
	EndGlobalSection
EndGlobal
